// !$*UTF8*$!
{
	archiveVersion = 1;
	classes = {
	};
	objectVersion = 46;
	objects = {

/* Begin PBXBuildFile section */
		5C2B857E1E7D847F005687BC /* keys.plist in Resources */ = {isa = PBXBuildFile; fileRef = 5C2B857D1E7D847F005687BC /* keys.plist */; };
		5C3BF39A1E7B6DEC006DE3CD /* AppDelegate.swift in Sources */ = {isa = PBXBuildFile; fileRef = 5C3BF3991E7B6DEC006DE3CD /* AppDelegate.swift */; };
		5C3BF3A11E7B6DEC006DE3CD /* Main.storyboard in Resources */ = {isa = PBXBuildFile; fileRef = 5C3BF39F1E7B6DEC006DE3CD /* Main.storyboard */; };
		5C3BF3A31E7B6DEC006DE3CD /* Assets.xcassets in Resources */ = {isa = PBXBuildFile; fileRef = 5C3BF3A21E7B6DEC006DE3CD /* Assets.xcassets */; };
		5C3BF3A61E7B6DEC006DE3CD /* LaunchScreen.storyboard in Resources */ = {isa = PBXBuildFile; fileRef = 5C3BF3A41E7B6DEC006DE3CD /* LaunchScreen.storyboard */; };
		5C3BF3AE1E7B6E64006DE3CD /* FAQController.swift in Sources */ = {isa = PBXBuildFile; fileRef = 5C3BF3AD1E7B6E64006DE3CD /* FAQController.swift */; };
		5C3BF3B01E7B6E72006DE3CD /* AgendaController.swift in Sources */ = {isa = PBXBuildFile; fileRef = 5C3BF3AF1E7B6E72006DE3CD /* AgendaController.swift */; };
		5C3BF3B21E7B6E7C006DE3CD /* SocialController.swift in Sources */ = {isa = PBXBuildFile; fileRef = 5C3BF3B11E7B6E7C006DE3CD /* SocialController.swift */; };
		5C3BF3B41E7B6E84006DE3CD /* ARController.swift in Sources */ = {isa = PBXBuildFile; fileRef = 5C3BF3B31E7B6E84006DE3CD /* ARController.swift */; };
		5C3BF3B61E7B71DF006DE3CD /* Colors.swift in Sources */ = {isa = PBXBuildFile; fileRef = 5C3BF3B51E7B71DF006DE3CD /* Colors.swift */; };
		5C40B7411E930B63009FD5B5 /* FAQCell.swift in Sources */ = {isa = PBXBuildFile; fileRef = 5C40B7401E930B63009FD5B5 /* FAQCell.swift */; };
		5C40B7431E930D4A009FD5B5 /* FAQHeader.swift in Sources */ = {isa = PBXBuildFile; fileRef = 5C40B7421E930D4A009FD5B5 /* FAQHeader.swift */; };
		5C5B75971E9304DD00FC7A92 /* FAQAPI.swift in Sources */ = {isa = PBXBuildFile; fileRef = 5C5B75961E9304DD00FC7A92 /* FAQAPI.swift */; };
		5C7F3A491E95AD540001947A /* DefaultFAQ.json in Resources */ = {isa = PBXBuildFile; fileRef = 5C7F3A471E95AD540001947A /* DefaultFAQ.json */; };
		5C7F3A4A1E95AD540001947A /* DefaultData.json in Resources */ = {isa = PBXBuildFile; fileRef = 5C7F3A481E95AD540001947A /* DefaultData.json */; };
		5C965F791E847F7200309B4C /* AgendaAPI.swift in Sources */ = {isa = PBXBuildFile; fileRef = 5C965F781E847F7200309B4C /* AgendaAPI.swift */; };
		5CA813391E9030E1007EE2AF /* AgendaCell.swift in Sources */ = {isa = PBXBuildFile; fileRef = 5CA813381E9030E1007EE2AF /* AgendaCell.swift */; };
		5CA8133D1E905D0C007EE2AF /* AgendaPagerController.swift in Sources */ = {isa = PBXBuildFile; fileRef = 5CA8133C1E905D0C007EE2AF /* AgendaPagerController.swift */; };
		5CA813401E909997007EE2AF /* AgendaHeader.swift in Sources */ = {isa = PBXBuildFile; fileRef = 5CA8133F1E909997007EE2AF /* AgendaHeader.swift */; };
		5CA813421E90A274007EE2AF /* AgendaDetailController.swift in Sources */ = {isa = PBXBuildFile; fileRef = 5CA813411E90A274007EE2AF /* AgendaDetailController.swift */; };
		5CD6725C1E957505002EA9A9 /* AgendaOtherCell.swift in Sources */ = {isa = PBXBuildFile; fileRef = 5CD6725B1E957505002EA9A9 /* AgendaOtherCell.swift */; };
		5CF7B4481E7DB45B005E941A /* TweetCell.swift in Sources */ = {isa = PBXBuildFile; fileRef = 5CF7B4471E7DB45B005E941A /* TweetCell.swift */; };
		5CF7B44A1E7ED797005E941A /* TwitterAPI.swift in Sources */ = {isa = PBXBuildFile; fileRef = 5CF7B4491E7ED797005E941A /* TwitterAPI.swift */; };
		B519ACBFBE3ED306AD8A1440 /* Pods_DroidconBoston.framework in Frameworks */ = {isa = PBXBuildFile; fileRef = F5EABA73AA8950A6403B83C8 /* Pods_DroidconBoston.framework */; };
/* End PBXBuildFile section */

/* Begin PBXFileReference section */
		24F2F01BAA88840178AF91D0 /* Pods-DroidconBoston.release.xcconfig */ = {isa = PBXFileReference; includeInIndex = 1; lastKnownFileType = text.xcconfig; name = "Pods-DroidconBoston.release.xcconfig"; path = "Pods/Target Support Files/Pods-DroidconBoston/Pods-DroidconBoston.release.xcconfig"; sourceTree = "<group>"; };
		5C2B857D1E7D847F005687BC /* keys.plist */ = {isa = PBXFileReference; fileEncoding = 4; lastKnownFileType = text.plist.xml; path = keys.plist; sourceTree = "<group>"; };
		5C3BF3961E7B6DEC006DE3CD /* DroidconBoston.app */ = {isa = PBXFileReference; explicitFileType = wrapper.application; includeInIndex = 0; path = DroidconBoston.app; sourceTree = BUILT_PRODUCTS_DIR; };
		5C3BF3991E7B6DEC006DE3CD /* AppDelegate.swift */ = {isa = PBXFileReference; lastKnownFileType = sourcecode.swift; path = AppDelegate.swift; sourceTree = "<group>"; };
		5C3BF3A01E7B6DEC006DE3CD /* Base */ = {isa = PBXFileReference; lastKnownFileType = file.storyboard; name = Base; path = Base.lproj/Main.storyboard; sourceTree = "<group>"; };
		5C3BF3A21E7B6DEC006DE3CD /* Assets.xcassets */ = {isa = PBXFileReference; lastKnownFileType = folder.assetcatalog; path = Assets.xcassets; sourceTree = "<group>"; };
		5C3BF3A51E7B6DEC006DE3CD /* Base */ = {isa = PBXFileReference; lastKnownFileType = file.storyboard; name = Base; path = Base.lproj/LaunchScreen.storyboard; sourceTree = "<group>"; };
		5C3BF3A71E7B6DEC006DE3CD /* Info.plist */ = {isa = PBXFileReference; lastKnownFileType = text.plist.xml; path = Info.plist; sourceTree = "<group>"; };
		5C3BF3AD1E7B6E64006DE3CD /* FAQController.swift */ = {isa = PBXFileReference; fileEncoding = 4; lastKnownFileType = sourcecode.swift; path = FAQController.swift; sourceTree = "<group>"; };
		5C3BF3AF1E7B6E72006DE3CD /* AgendaController.swift */ = {isa = PBXFileReference; fileEncoding = 4; lastKnownFileType = sourcecode.swift; path = AgendaController.swift; sourceTree = "<group>"; };
		5C3BF3B11E7B6E7C006DE3CD /* SocialController.swift */ = {isa = PBXFileReference; fileEncoding = 4; lastKnownFileType = sourcecode.swift; path = SocialController.swift; sourceTree = "<group>"; };
		5C3BF3B31E7B6E84006DE3CD /* ARController.swift */ = {isa = PBXFileReference; fileEncoding = 4; lastKnownFileType = sourcecode.swift; path = ARController.swift; sourceTree = "<group>"; };
		5C3BF3B51E7B71DF006DE3CD /* Colors.swift */ = {isa = PBXFileReference; fileEncoding = 4; lastKnownFileType = sourcecode.swift; path = Colors.swift; sourceTree = "<group>"; };
		5C40B7401E930B63009FD5B5 /* FAQCell.swift */ = {isa = PBXFileReference; fileEncoding = 4; lastKnownFileType = sourcecode.swift; path = FAQCell.swift; sourceTree = "<group>"; };
		5C40B7421E930D4A009FD5B5 /* FAQHeader.swift */ = {isa = PBXFileReference; fileEncoding = 4; lastKnownFileType = sourcecode.swift; path = FAQHeader.swift; sourceTree = "<group>"; };
		5C5B75961E9304DD00FC7A92 /* FAQAPI.swift */ = {isa = PBXFileReference; fileEncoding = 4; lastKnownFileType = sourcecode.swift; path = FAQAPI.swift; sourceTree = "<group>"; };
		5C7F3A471E95AD540001947A /* DefaultFAQ.json */ = {isa = PBXFileReference; fileEncoding = 4; lastKnownFileType = text.json; path = DefaultFAQ.json; sourceTree = "<group>"; };
		5C7F3A481E95AD540001947A /* DefaultData.json */ = {isa = PBXFileReference; fileEncoding = 4; lastKnownFileType = text.json; path = DefaultData.json; sourceTree = "<group>"; };
		5C965F781E847F7200309B4C /* AgendaAPI.swift */ = {isa = PBXFileReference; fileEncoding = 4; lastKnownFileType = sourcecode.swift; path = AgendaAPI.swift; sourceTree = "<group>"; };
		5CA813381E9030E1007EE2AF /* AgendaCell.swift */ = {isa = PBXFileReference; fileEncoding = 4; lastKnownFileType = sourcecode.swift; path = AgendaCell.swift; sourceTree = "<group>"; };
		5CA8133C1E905D0C007EE2AF /* AgendaPagerController.swift */ = {isa = PBXFileReference; fileEncoding = 4; lastKnownFileType = sourcecode.swift; path = AgendaPagerController.swift; sourceTree = "<group>"; };
		5CA8133F1E909997007EE2AF /* AgendaHeader.swift */ = {isa = PBXFileReference; fileEncoding = 4; lastKnownFileType = sourcecode.swift; path = AgendaHeader.swift; sourceTree = "<group>"; };
		5CA813411E90A274007EE2AF /* AgendaDetailController.swift */ = {isa = PBXFileReference; fileEncoding = 4; lastKnownFileType = sourcecode.swift; path = AgendaDetailController.swift; sourceTree = "<group>"; };
		5CD6725B1E957505002EA9A9 /* AgendaOtherCell.swift */ = {isa = PBXFileReference; fileEncoding = 4; lastKnownFileType = sourcecode.swift; path = AgendaOtherCell.swift; sourceTree = "<group>"; };
		5CF7B4471E7DB45B005E941A /* TweetCell.swift */ = {isa = PBXFileReference; fileEncoding = 4; lastKnownFileType = sourcecode.swift; path = TweetCell.swift; sourceTree = "<group>"; };
		5CF7B4491E7ED797005E941A /* TwitterAPI.swift */ = {isa = PBXFileReference; fileEncoding = 4; lastKnownFileType = sourcecode.swift; path = TwitterAPI.swift; sourceTree = "<group>"; };
		8E189A64FF74E2BF0DF76668 /* Pods-DroidconBoston.debug.xcconfig */ = {isa = PBXFileReference; includeInIndex = 1; lastKnownFileType = text.xcconfig; name = "Pods-DroidconBoston.debug.xcconfig"; path = "Pods/Target Support Files/Pods-DroidconBoston/Pods-DroidconBoston.debug.xcconfig"; sourceTree = "<group>"; };
		F5EABA73AA8950A6403B83C8 /* Pods_DroidconBoston.framework */ = {isa = PBXFileReference; explicitFileType = wrapper.framework; includeInIndex = 0; path = Pods_DroidconBoston.framework; sourceTree = BUILT_PRODUCTS_DIR; };
/* End PBXFileReference section */

/* Begin PBXFrameworksBuildPhase section */
		5C3BF3931E7B6DEC006DE3CD /* Frameworks */ = {
			isa = PBXFrameworksBuildPhase;
			buildActionMask = 2147483647;
			files = (
				B519ACBFBE3ED306AD8A1440 /* Pods_DroidconBoston.framework in Frameworks */,
			);
			runOnlyForDeploymentPostprocessing = 0;
		};
/* End PBXFrameworksBuildPhase section */

/* Begin PBXGroup section */
		120DDE158B6B1BCDC2D8C16A /* Pods */ = {
			isa = PBXGroup;
			children = (
				8E189A64FF74E2BF0DF76668 /* Pods-DroidconBoston.debug.xcconfig */,
				24F2F01BAA88840178AF91D0 /* Pods-DroidconBoston.release.xcconfig */,
			);
			name = Pods;
			sourceTree = "<group>";
		};
		466B4381C18A0B8DD4822480 /* Frameworks */ = {
			isa = PBXGroup;
			children = (
				F5EABA73AA8950A6403B83C8 /* Pods_DroidconBoston.framework */,
			);
			name = Frameworks;
			sourceTree = "<group>";
		};
		5C3BF38D1E7B6DEC006DE3CD = {
			isa = PBXGroup;
			children = (
				5C3BF3981E7B6DEC006DE3CD /* DroidconBoston */,
				5C3BF3971E7B6DEC006DE3CD /* Products */,
				120DDE158B6B1BCDC2D8C16A /* Pods */,
				466B4381C18A0B8DD4822480 /* Frameworks */,
			);
			sourceTree = "<group>";
		};
		5C3BF3971E7B6DEC006DE3CD /* Products */ = {
			isa = PBXGroup;
			children = (
				5C3BF3961E7B6DEC006DE3CD /* DroidconBoston.app */,
			);
			name = Products;
			sourceTree = "<group>";
		};
		5C3BF3981E7B6DEC006DE3CD /* DroidconBoston */ = {
			isa = PBXGroup;
			children = (
				5C3BF3991E7B6DEC006DE3CD /* AppDelegate.swift */,
				5C3BF3AD1E7B6E64006DE3CD /* FAQController.swift */,
				5C3BF3AF1E7B6E72006DE3CD /* AgendaController.swift */,
				5CA813411E90A274007EE2AF /* AgendaDetailController.swift */,
				5CA8133C1E905D0C007EE2AF /* AgendaPagerController.swift */,
				5C3BF3B11E7B6E7C006DE3CD /* SocialController.swift */,
				5C3BF3B31E7B6E84006DE3CD /* ARController.swift */,
				5C3BF3B51E7B71DF006DE3CD /* Colors.swift */,
				5CF7B4491E7ED797005E941A /* TwitterAPI.swift */,
				5C965F781E847F7200309B4C /* AgendaAPI.swift */,
				5C5B75961E9304DD00FC7A92 /* FAQAPI.swift */,
				5CF7B4471E7DB45B005E941A /* TweetCell.swift */,
				5CA813381E9030E1007EE2AF /* AgendaCell.swift */,
				5CD6725B1E957505002EA9A9 /* AgendaOtherCell.swift */,
				5CA8133F1E909997007EE2AF /* AgendaHeader.swift */,
				5C40B7401E930B63009FD5B5 /* FAQCell.swift */,
				5C40B7421E930D4A009FD5B5 /* FAQHeader.swift */,
				5C3BF3A41E7B6DEC006DE3CD /* LaunchScreen.storyboard */,
				5C3BF39F1E7B6DEC006DE3CD /* Main.storyboard */,
				5C3BF3A71E7B6DEC006DE3CD /* Info.plist */,
				5C2B857D1E7D847F005687BC /* keys.plist */,
				5C7F3A471E95AD540001947A /* DefaultFAQ.json */,
				5C7F3A481E95AD540001947A /* DefaultData.json */,
				5C3BF3A21E7B6DEC006DE3CD /* Assets.xcassets */,
			);
			path = DroidconBoston;
			sourceTree = "<group>";
		};
/* End PBXGroup section */

/* Begin PBXNativeTarget section */
		5C3BF3951E7B6DEC006DE3CD /* DroidconBoston */ = {
			isa = PBXNativeTarget;
			buildConfigurationList = 5C3BF3AA1E7B6DEC006DE3CD /* Build configuration list for PBXNativeTarget "DroidconBoston" */;
			buildPhases = (
				5A1DBADE333158681F90D3CA /* [CP] Check Pods Manifest.lock */,
				5C3BF3921E7B6DEC006DE3CD /* Sources */,
				5C3BF3931E7B6DEC006DE3CD /* Frameworks */,
				5C3BF3941E7B6DEC006DE3CD /* Resources */,
				84B9F1046BFE31F661C69733 /* [CP] Embed Pods Frameworks */,
				0BFE2C0D55990F60BADC4CF6 /* [CP] Copy Pods Resources */,
			);
			buildRules = (
			);
			dependencies = (
			);
			name = DroidconBoston;
			productName = DroidconBoston;
			productReference = 5C3BF3961E7B6DEC006DE3CD /* DroidconBoston.app */;
			productType = "com.apple.product-type.application";
		};
/* End PBXNativeTarget section */

/* Begin PBXProject section */
		5C3BF38E1E7B6DEC006DE3CD /* Project object */ = {
			isa = PBXProject;
			attributes = {
				LastSwiftUpdateCheck = 0820;
				LastUpgradeCheck = 0820;
				ORGANIZATIONNAME = "Droidcon Boston";
				TargetAttributes = {
					5C3BF3951E7B6DEC006DE3CD = {
						CreatedOnToolsVersion = 8.2.1;
						DevelopmentTeam = D34NY92TC4;
						ProvisioningStyle = Automatic;
					};
				};
			};
			buildConfigurationList = 5C3BF3911E7B6DEC006DE3CD /* Build configuration list for PBXProject "DroidconBoston" */;
			compatibilityVersion = "Xcode 3.2";
			developmentRegion = English;
			hasScannedForEncodings = 0;
			knownRegions = (
				en,
				Base,
			);
			mainGroup = 5C3BF38D1E7B6DEC006DE3CD;
			productRefGroup = 5C3BF3971E7B6DEC006DE3CD /* Products */;
			projectDirPath = "";
			projectRoot = "";
			targets = (
				5C3BF3951E7B6DEC006DE3CD /* DroidconBoston */,
			);
		};
/* End PBXProject section */

/* Begin PBXResourcesBuildPhase section */
		5C3BF3941E7B6DEC006DE3CD /* Resources */ = {
			isa = PBXResourcesBuildPhase;
			buildActionMask = 2147483647;
			files = (
				5C7F3A491E95AD540001947A /* DefaultFAQ.json in Resources */,
				5C2B857E1E7D847F005687BC /* keys.plist in Resources */,
				5C3BF3A61E7B6DEC006DE3CD /* LaunchScreen.storyboard in Resources */,
				5C7F3A4A1E95AD540001947A /* DefaultData.json in Resources */,
				5C3BF3A31E7B6DEC006DE3CD /* Assets.xcassets in Resources */,
				5C3BF3A11E7B6DEC006DE3CD /* Main.storyboard in Resources */,
			);
			runOnlyForDeploymentPostprocessing = 0;
		};
/* End PBXResourcesBuildPhase section */

/* Begin PBXShellScriptBuildPhase section */
		0BFE2C0D55990F60BADC4CF6 /* [CP] Copy Pods Resources */ = {
			isa = PBXShellScriptBuildPhase;
			buildActionMask = 2147483647;
			files = (
			);
			inputPaths = (
			);
			name = "[CP] Copy Pods Resources";
			outputPaths = (
			);
			runOnlyForDeploymentPostprocessing = 0;
			shellPath = /bin/sh;
			shellScript = "\"${SRCROOT}/Pods/Target Support Files/Pods-DroidconBoston/Pods-DroidconBoston-resources.sh\"\n";
			showEnvVarsInLog = 0;
		};
		5A1DBADE333158681F90D3CA /* [CP] Check Pods Manifest.lock */ = {
			isa = PBXShellScriptBuildPhase;
			buildActionMask = 2147483647;
			files = (
			);
			inputPaths = (
			);
			name = "[CP] Check Pods Manifest.lock";
			outputPaths = (
			);
			runOnlyForDeploymentPostprocessing = 0;
			shellPath = /bin/sh;
			shellScript = "diff \"${PODS_ROOT}/../Podfile.lock\" \"${PODS_ROOT}/Manifest.lock\" > /dev/null\nif [ $? != 0 ] ; then\n    # print error to STDERR\n    echo \"error: The sandbox is not in sync with the Podfile.lock. Run 'pod install' or update your CocoaPods installation.\" >&2\n    exit 1\nfi\n";
			showEnvVarsInLog = 0;
		};
		84B9F1046BFE31F661C69733 /* [CP] Embed Pods Frameworks */ = {
			isa = PBXShellScriptBuildPhase;
			buildActionMask = 2147483647;
			files = (
			);
			inputPaths = (
			);
			name = "[CP] Embed Pods Frameworks";
			outputPaths = (
			);
			runOnlyForDeploymentPostprocessing = 0;
			shellPath = /bin/sh;
			shellScript = "\"${SRCROOT}/Pods/Target Support Files/Pods-DroidconBoston/Pods-DroidconBoston-frameworks.sh\"\n";
			showEnvVarsInLog = 0;
		};
/* End PBXShellScriptBuildPhase section */

/* Begin PBXSourcesBuildPhase section */
		5C3BF3921E7B6DEC006DE3CD /* Sources */ = {
			isa = PBXSourcesBuildPhase;
			buildActionMask = 2147483647;
			files = (
				5CF7B44A1E7ED797005E941A /* TwitterAPI.swift in Sources */,
				5C3BF3B41E7B6E84006DE3CD /* ARController.swift in Sources */,
				5CF7B4481E7DB45B005E941A /* TweetCell.swift in Sources */,
				5CD6725C1E957505002EA9A9 /* AgendaOtherCell.swift in Sources */,
				5C3BF3B61E7B71DF006DE3CD /* Colors.swift in Sources */,
				5C40B7411E930B63009FD5B5 /* FAQCell.swift in Sources */,
				5C3BF39A1E7B6DEC006DE3CD /* AppDelegate.swift in Sources */,
				5C3BF3B21E7B6E7C006DE3CD /* SocialController.swift in Sources */,
				5CA813401E909997007EE2AF /* AgendaHeader.swift in Sources */,
				5C3BF3AE1E7B6E64006DE3CD /* FAQController.swift in Sources */,
				5CA813391E9030E1007EE2AF /* AgendaCell.swift in Sources */,
				5C5B75971E9304DD00FC7A92 /* FAQAPI.swift in Sources */,
				5C40B7431E930D4A009FD5B5 /* FAQHeader.swift in Sources */,
				5C965F791E847F7200309B4C /* AgendaAPI.swift in Sources */,
				5CA813421E90A274007EE2AF /* AgendaDetailController.swift in Sources */,
				5CA8133D1E905D0C007EE2AF /* AgendaPagerController.swift in Sources */,
				5C3BF3B01E7B6E72006DE3CD /* AgendaController.swift in Sources */,
			);
			runOnlyForDeploymentPostprocessing = 0;
		};
/* End PBXSourcesBuildPhase section */

/* Begin PBXVariantGroup section */
		5C3BF39F1E7B6DEC006DE3CD /* Main.storyboard */ = {
			isa = PBXVariantGroup;
			children = (
				5C3BF3A01E7B6DEC006DE3CD /* Base */,
			);
			name = Main.storyboard;
			sourceTree = "<group>";
		};
		5C3BF3A41E7B6DEC006DE3CD /* LaunchScreen.storyboard */ = {
			isa = PBXVariantGroup;
			children = (
				5C3BF3A51E7B6DEC006DE3CD /* Base */,
			);
			name = LaunchScreen.storyboard;
			sourceTree = "<group>";
		};
/* End PBXVariantGroup section */

/* Begin XCBuildConfiguration section */
		5C3BF3A81E7B6DEC006DE3CD /* Debug */ = {
			isa = XCBuildConfiguration;
			buildSettings = {
				ALWAYS_SEARCH_USER_PATHS = NO;
				CLANG_ANALYZER_NONNULL = YES;
				CLANG_CXX_LANGUAGE_STANDARD = "gnu++0x";
				CLANG_CXX_LIBRARY = "libc++";
				CLANG_ENABLE_MODULES = YES;
				CLANG_ENABLE_OBJC_ARC = YES;
				CLANG_WARN_BOOL_CONVERSION = YES;
				CLANG_WARN_CONSTANT_CONVERSION = YES;
				CLANG_WARN_DIRECT_OBJC_ISA_USAGE = YES_ERROR;
				CLANG_WARN_DOCUMENTATION_COMMENTS = YES;
				CLANG_WARN_EMPTY_BODY = YES;
				CLANG_WARN_ENUM_CONVERSION = YES;
				CLANG_WARN_INFINITE_RECURSION = YES;
				CLANG_WARN_INT_CONVERSION = YES;
				CLANG_WARN_OBJC_ROOT_CLASS = YES_ERROR;
				CLANG_WARN_SUSPICIOUS_MOVE = YES;
				CLANG_WARN_UNREACHABLE_CODE = YES;
				CLANG_WARN__DUPLICATE_METHOD_MATCH = YES;
				"CODE_SIGN_IDENTITY[sdk=iphoneos*]" = "iPhone Developer";
				COPY_PHASE_STRIP = NO;
				DEBUG_INFORMATION_FORMAT = dwarf;
				ENABLE_STRICT_OBJC_MSGSEND = YES;
				ENABLE_TESTABILITY = YES;
				GCC_C_LANGUAGE_STANDARD = gnu99;
				GCC_DYNAMIC_NO_PIC = NO;
				GCC_NO_COMMON_BLOCKS = YES;
				GCC_OPTIMIZATION_LEVEL = 0;
				GCC_PREPROCESSOR_DEFINITIONS = (
					"DEBUG=1",
					"$(inherited)",
				);
				GCC_WARN_64_TO_32_BIT_CONVERSION = YES;
				GCC_WARN_ABOUT_RETURN_TYPE = YES_ERROR;
				GCC_WARN_UNDECLARED_SELECTOR = YES;
				GCC_WARN_UNINITIALIZED_AUTOS = YES_AGGRESSIVE;
				GCC_WARN_UNUSED_FUNCTION = YES;
				GCC_WARN_UNUSED_VARIABLE = YES;
				IPHONEOS_DEPLOYMENT_TARGET = 10.2;
				MTL_ENABLE_DEBUG_INFO = YES;
				ONLY_ACTIVE_ARCH = YES;
				SDKROOT = iphoneos;
				SWIFT_ACTIVE_COMPILATION_CONDITIONS = DEBUG;
				SWIFT_OPTIMIZATION_LEVEL = "-Onone";
			};
			name = Debug;
		};
		5C3BF3A91E7B6DEC006DE3CD /* Release */ = {
			isa = XCBuildConfiguration;
			buildSettings = {
				ALWAYS_SEARCH_USER_PATHS = NO;
				CLANG_ANALYZER_NONNULL = YES;
				CLANG_CXX_LANGUAGE_STANDARD = "gnu++0x";
				CLANG_CXX_LIBRARY = "libc++";
				CLANG_ENABLE_MODULES = YES;
				CLANG_ENABLE_OBJC_ARC = YES;
				CLANG_WARN_BOOL_CONVERSION = YES;
				CLANG_WARN_CONSTANT_CONVERSION = YES;
				CLANG_WARN_DIRECT_OBJC_ISA_USAGE = YES_ERROR;
				CLANG_WARN_DOCUMENTATION_COMMENTS = YES;
				CLANG_WARN_EMPTY_BODY = YES;
				CLANG_WARN_ENUM_CONVERSION = YES;
				CLANG_WARN_INFINITE_RECURSION = YES;
				CLANG_WARN_INT_CONVERSION = YES;
				CLANG_WARN_OBJC_ROOT_CLASS = YES_ERROR;
				CLANG_WARN_SUSPICIOUS_MOVE = YES;
				CLANG_WARN_UNREACHABLE_CODE = YES;
				CLANG_WARN__DUPLICATE_METHOD_MATCH = YES;
				"CODE_SIGN_IDENTITY[sdk=iphoneos*]" = "iPhone Developer";
				COPY_PHASE_STRIP = NO;
				DEBUG_INFORMATION_FORMAT = "dwarf-with-dsym";
				ENABLE_NS_ASSERTIONS = NO;
				ENABLE_STRICT_OBJC_MSGSEND = YES;
				GCC_C_LANGUAGE_STANDARD = gnu99;
				GCC_NO_COMMON_BLOCKS = YES;
				GCC_WARN_64_TO_32_BIT_CONVERSION = YES;
				GCC_WARN_ABOUT_RETURN_TYPE = YES_ERROR;
				GCC_WARN_UNDECLARED_SELECTOR = YES;
				GCC_WARN_UNINITIALIZED_AUTOS = YES_AGGRESSIVE;
				GCC_WARN_UNUSED_FUNCTION = YES;
				GCC_WARN_UNUSED_VARIABLE = YES;
				IPHONEOS_DEPLOYMENT_TARGET = 10.2;
				MTL_ENABLE_DEBUG_INFO = NO;
				SDKROOT = iphoneos;
				SWIFT_OPTIMIZATION_LEVEL = "-Owholemodule";
				VALIDATE_PRODUCT = YES;
			};
			name = Release;
		};
		5C3BF3AB1E7B6DEC006DE3CD /* Debug */ = {
			isa = XCBuildConfiguration;
			baseConfigurationReference = 8E189A64FF74E2BF0DF76668 /* Pods-DroidconBoston.debug.xcconfig */;
			buildSettings = {
				ASSETCATALOG_COMPILER_APPICON_NAME = AppIcon;
				"CODE_SIGN_IDENTITY[sdk=iphoneos*]" = "iPhone Developer";
				DEVELOPMENT_TEAM = D34NY92TC4;
				INFOPLIST_FILE = DroidconBoston/Info.plist;
				IPHONEOS_DEPLOYMENT_TARGET = 9.1;
				LD_RUNPATH_SEARCH_PATHS = "$(inherited) @executable_path/Frameworks";
				PRODUCT_BUNDLE_IDENTIFIER = "com.droidcon-boston.DroidconBoston";
				PRODUCT_NAME = "$(TARGET_NAME)";
				SWIFT_VERSION = 3.0;
			};
			name = Debug;
		};
		5C3BF3AC1E7B6DEC006DE3CD /* Release */ = {
			isa = XCBuildConfiguration;
			baseConfigurationReference = 24F2F01BAA88840178AF91D0 /* Pods-DroidconBoston.release.xcconfig */;
			buildSettings = {
				ASSETCATALOG_COMPILER_APPICON_NAME = AppIcon;
				"CODE_SIGN_IDENTITY[sdk=iphoneos*]" = "iPhone Developer";
				DEVELOPMENT_TEAM = D34NY92TC4;
				INFOPLIST_FILE = DroidconBoston/Info.plist;
				IPHONEOS_DEPLOYMENT_TARGET = 9.1;
				LD_RUNPATH_SEARCH_PATHS = "$(inherited) @executable_path/Frameworks";
				PRODUCT_BUNDLE_IDENTIFIER = "com.droidcon-boston.DroidconBoston";
				PRODUCT_NAME = "$(TARGET_NAME)";
				SWIFT_VERSION = 3.0;
			};
			name = Release;
		};
/* End XCBuildConfiguration section */

/* Begin XCConfigurationList section */
		5C3BF3911E7B6DEC006DE3CD /* Build configuration list for PBXProject "DroidconBoston" */ = {
			isa = XCConfigurationList;
			buildConfigurations = (
				5C3BF3A81E7B6DEC006DE3CD /* Debug */,
				5C3BF3A91E7B6DEC006DE3CD /* Release */,
			);
			defaultConfigurationIsVisible = 0;
			defaultConfigurationName = Release;
		};
		5C3BF3AA1E7B6DEC006DE3CD /* Build configuration list for PBXNativeTarget "DroidconBoston" */ = {
			isa = XCConfigurationList;
			buildConfigurations = (
				5C3BF3AB1E7B6DEC006DE3CD /* Debug */,
				5C3BF3AC1E7B6DEC006DE3CD /* Release */,
			);
			defaultConfigurationIsVisible = 0;
			defaultConfigurationName = Release;
		};
/* End XCConfigurationList section */
	};
	rootObject = 5C3BF38E1E7B6DEC006DE3CD /* Project object */;
}
